// !$*UTF8*$!
{
	archiveVersion = 1;
	classes = {
	};
	objectVersion = 56;
	objects = {

/* Begin PBXBuildFile section */
		E2440B7B2B6A8FE70085792A /* Assets.xcassets in Resources */ = {isa = PBXBuildFile; fileRef = E2440B7A2B6A8FE70085792A /* Assets.xcassets */; };
		E2440B7E2B6A8FE80085792A /* LaunchScreen.storyboard in Resources */ = {isa = PBXBuildFile; fileRef = E2440B7C2B6A8FE70085792A /* LaunchScreen.storyboard */; };
		E2440BB12B6A902F0085792A /* HTTPDataRequestClient.swift in Sources */ = {isa = PBXBuildFile; fileRef = E2440BA62B6A902F0085792A /* HTTPDataRequestClient.swift */; };
		E2440BB22B6A902F0085792A /* NetworkRequesterClient.swift in Sources */ = {isa = PBXBuildFile; fileRef = E2440BA82B6A902F0085792A /* NetworkRequesterClient.swift */; };
		E2440BB32B6A902F0085792A /* NetworkRequest.swift in Sources */ = {isa = PBXBuildFile; fileRef = E2440BA92B6A902F0085792A /* NetworkRequest.swift */; };
		E2440BB42B6A902F0085792A /* ImageLoader.swift in Sources */ = {isa = PBXBuildFile; fileRef = E2440BAA2B6A902F0085792A /* ImageLoader.swift */; };
		E2440BB52B6A902F0085792A /* CustomJSONDecoder.swift in Sources */ = {isa = PBXBuildFile; fileRef = E2440BAC2B6A902F0085792A /* CustomJSONDecoder.swift */; };
		E2440BB62B6A902F0085792A /* APIRequestClient.swift in Sources */ = {isa = PBXBuildFile; fileRef = E2440BAE2B6A902F0085792A /* APIRequestClient.swift */; };
		E2440BB72B6A902F0085792A /* NetworkError.swift in Sources */ = {isa = PBXBuildFile; fileRef = E2440BAF2B6A902F0085792A /* NetworkError.swift */; };
		E2440BC92B6A90430085792A /* MockDataRequest.swift in Sources */ = {isa = PBXBuildFile; fileRef = E2440BBB2B6A90430085792A /* MockDataRequest.swift */; };
		E2440BCA2B6A90430085792A /* MockURLSession.swift in Sources */ = {isa = PBXBuildFile; fileRef = E2440BBC2B6A90430085792A /* MockURLSession.swift */; };
		E2440BCB2B6A90430085792A /* MockData.swift in Sources */ = {isa = PBXBuildFile; fileRef = E2440BBD2B6A90430085792A /* MockData.swift */; };
		E2440BCC2B6A90430085792A /* MockAPIRequest.swift in Sources */ = {isa = PBXBuildFile; fileRef = E2440BBE2B6A90430085792A /* MockAPIRequest.swift */; };
		E2440BCD2B6A90430085792A /* MockDecoder.swift in Sources */ = {isa = PBXBuildFile; fileRef = E2440BBF2B6A90430085792A /* MockDecoder.swift */; };
		E2440BCE2B6A90430085792A /* MockNetworkRequest.swift in Sources */ = {isa = PBXBuildFile; fileRef = E2440BC02B6A90430085792A /* MockNetworkRequest.swift */; };
		E2440BCF2B6A90430085792A /* NetworkRequestTests.swift in Sources */ = {isa = PBXBuildFile; fileRef = E2440BC12B6A90430085792A /* NetworkRequestTests.swift */; };
		E2440BD02B6A90430085792A /* NetworkDataRequestTests.swift in Sources */ = {isa = PBXBuildFile; fileRef = E2440BC22B6A90430085792A /* NetworkDataRequestTests.swift */; };
		E2440BD12B6A90430085792A /* CustomJSONDecoderTests.swift in Sources */ = {isa = PBXBuildFile; fileRef = E2440BC32B6A90430085792A /* CustomJSONDecoderTests.swift */; };
		E2440BD22B6A90430085792A /* APIRequestTests.swift in Sources */ = {isa = PBXBuildFile; fileRef = E2440BC42B6A90430085792A /* APIRequestTests.swift */; };
		E2440BD32B6A90430085792A /* ImageLoaderTests.swift in Sources */ = {isa = PBXBuildFile; fileRef = E2440BC52B6A90430085792A /* ImageLoaderTests.swift */; };
		E2440BD42B6A90430085792A /* Extension.swift in Sources */ = {isa = PBXBuildFile; fileRef = E2440BC62B6A90430085792A /* Extension.swift */; };
		E2440BD52B6A90430085792A /* MockData.json in Resources */ = {isa = PBXBuildFile; fileRef = E2440BC72B6A90430085792A /* MockData.json */; };
		E2440C152B6A90B10085792A /* AppCoordinator.swift in Sources */ = {isa = PBXBuildFile; fileRef = E2440C0E2B6A90B10085792A /* AppCoordinator.swift */; };
		E2440C172B6A90B10085792A /* AppConstants.swift in Sources */ = {isa = PBXBuildFile; fileRef = E2440C112B6A90B10085792A /* AppConstants.swift */; };
		E2440C182B6A90B10085792A /* AppDelegate.swift in Sources */ = {isa = PBXBuildFile; fileRef = E2440C122B6A90B10085792A /* AppDelegate.swift */; };
		E2440C1A2B6A90B10085792A /* SceneDelegate.swift in Sources */ = {isa = PBXBuildFile; fileRef = E2440C142B6A90B10085792A /* SceneDelegate.swift */; };
		E2440C1D2B6A90E20085792A /* Coordinator.swift in Sources */ = {isa = PBXBuildFile; fileRef = E2440C1C2B6A90E20085792A /* Coordinator.swift */; };
		E2440CEA2B6A954C0085792A /* Exercise.swift in Sources */ = {isa = PBXBuildFile; fileRef = E2440CD52B6A954C0085792A /* Exercise.swift */; };
		E2440CED2B6A954C0085792A /* MainExercisesImageHandler.swift in Sources */ = {isa = PBXBuildFile; fileRef = E2440CDA2B6A954C0085792A /* MainExercisesImageHandler.swift */; };
		E2440CEE2B6A954C0085792A /* MainExercisesListUseCase.swift in Sources */ = {isa = PBXBuildFile; fileRef = E2440CDB2B6A954C0085792A /* MainExercisesListUseCase.swift */; };
		E2440CF02B6A954C0085792A /* MainExercisesListStore.swift in Sources */ = {isa = PBXBuildFile; fileRef = E2440CDF2B6A954C0085792A /* MainExercisesListStore.swift */; };
		E2440CF92B6A958C0085792A /* ExercisesListUseCaseTests.swift in Sources */ = {isa = PBXBuildFile; fileRef = E2440CF22B6A958C0085792A /* ExercisesListUseCaseTests.swift */; };
		E2440CFA2B6A958C0085792A /* MockExercisesListUseCase.swift in Sources */ = {isa = PBXBuildFile; fileRef = E2440CF42B6A958C0085792A /* MockExercisesListUseCase.swift */; };
		E2440CFB2B6A958C0085792A /* MockMainExercisesImageHandler.swift in Sources */ = {isa = PBXBuildFile; fileRef = E2440CF52B6A958C0085792A /* MockMainExercisesImageHandler.swift */; };
		E2440CFC2B6A958C0085792A /* MainExercisesImageHandler.swift in Sources */ = {isa = PBXBuildFile; fileRef = E2440CF62B6A958C0085792A /* MainExercisesImageHandler.swift */; };
		E2440CFD2B6A958C0085792A /* ExercisesListStoreTests.swift in Sources */ = {isa = PBXBuildFile; fileRef = E2440CF72B6A958C0085792A /* ExercisesListStoreTests.swift */; };
		E2440CFE2B6A958C0085792A /* MainExercisesListCoordinatorTests.swift in Sources */ = {isa = PBXBuildFile; fileRef = E2440CF82B6A958C0085792A /* MainExercisesListCoordinatorTests.swift */; };
		E2440D002B6A95AD0085792A /* MockImageLoader.swift in Sources */ = {isa = PBXBuildFile; fileRef = E2440CFF2B6A95AD0085792A /* MockImageLoader.swift */; };
		E2440D022B6A965E0085792A /* AppConstantsTests.swift in Sources */ = {isa = PBXBuildFile; fileRef = E2440D012B6A965E0085792A /* AppConstantsTests.swift */; };
		E2440D0A2B6A96900085792A /* MainExercisesListViewCoordinator.swift in Sources */ = {isa = PBXBuildFile; fileRef = E2440D042B6A96900085792A /* MainExercisesListViewCoordinator.swift */; };
		E2440D0B2B6A96900085792A /* ExercisesListView.swift in Sources */ = {isa = PBXBuildFile; fileRef = E2440D062B6A96900085792A /* ExercisesListView.swift */; };
		E2440D0C2B6A96900085792A /* ExerciseItemView.swift in Sources */ = {isa = PBXBuildFile; fileRef = E2440D072B6A96900085792A /* ExerciseItemView.swift */; };
		E2440D0D2B6A96900085792A /* ExercisesListFactory.swift in Sources */ = {isa = PBXBuildFile; fileRef = E2440D092B6A96900085792A /* ExercisesListFactory.swift */; };
/* End PBXBuildFile section */

/* Begin PBXContainerItemProxy section */
		E2440B852B6A8FE80085792A /* PBXContainerItemProxy */ = {
			isa = PBXContainerItemProxy;
			containerPortal = E2440B662B6A8FE60085792A /* Project object */;
			proxyType = 1;
			remoteGlobalIDString = E2440B6D2B6A8FE60085792A;
			remoteInfo = Gymondo;
		};
/* End PBXContainerItemProxy section */

/* Begin PBXFileReference section */
		E2440B6E2B6A8FE60085792A /* Gymondo.app */ = {isa = PBXFileReference; explicitFileType = wrapper.application; includeInIndex = 0; path = Gymondo.app; sourceTree = BUILT_PRODUCTS_DIR; };
		E2440B7A2B6A8FE70085792A /* Assets.xcassets */ = {isa = PBXFileReference; lastKnownFileType = folder.assetcatalog; path = Assets.xcassets; sourceTree = "<group>"; };
		E2440B7D2B6A8FE70085792A /* Base */ = {isa = PBXFileReference; lastKnownFileType = file.storyboard; name = Base; path = Base.lproj/LaunchScreen.storyboard; sourceTree = "<group>"; };
		E2440B7F2B6A8FE80085792A /* Info.plist */ = {isa = PBXFileReference; lastKnownFileType = text.plist.xml; path = Info.plist; sourceTree = "<group>"; };
		E2440B842B6A8FE80085792A /* GymondoTests.xctest */ = {isa = PBXFileReference; explicitFileType = wrapper.cfbundle; includeInIndex = 0; path = GymondoTests.xctest; sourceTree = BUILT_PRODUCTS_DIR; };
		E2440BA62B6A902F0085792A /* HTTPDataRequestClient.swift */ = {isa = PBXFileReference; fileEncoding = 4; lastKnownFileType = sourcecode.swift; path = HTTPDataRequestClient.swift; sourceTree = "<group>"; };
		E2440BA82B6A902F0085792A /* NetworkRequesterClient.swift */ = {isa = PBXFileReference; fileEncoding = 4; lastKnownFileType = sourcecode.swift; path = NetworkRequesterClient.swift; sourceTree = "<group>"; };
		E2440BA92B6A902F0085792A /* NetworkRequest.swift */ = {isa = PBXFileReference; fileEncoding = 4; lastKnownFileType = sourcecode.swift; path = NetworkRequest.swift; sourceTree = "<group>"; };
		E2440BAA2B6A902F0085792A /* ImageLoader.swift */ = {isa = PBXFileReference; fileEncoding = 4; lastKnownFileType = sourcecode.swift; path = ImageLoader.swift; sourceTree = "<group>"; };
		E2440BAC2B6A902F0085792A /* CustomJSONDecoder.swift */ = {isa = PBXFileReference; fileEncoding = 4; lastKnownFileType = sourcecode.swift; path = CustomJSONDecoder.swift; sourceTree = "<group>"; };
		E2440BAE2B6A902F0085792A /* APIRequestClient.swift */ = {isa = PBXFileReference; fileEncoding = 4; lastKnownFileType = sourcecode.swift; path = APIRequestClient.swift; sourceTree = "<group>"; };
		E2440BAF2B6A902F0085792A /* NetworkError.swift */ = {isa = PBXFileReference; fileEncoding = 4; lastKnownFileType = sourcecode.swift; path = NetworkError.swift; sourceTree = "<group>"; };
		E2440BBB2B6A90430085792A /* MockDataRequest.swift */ = {isa = PBXFileReference; fileEncoding = 4; lastKnownFileType = sourcecode.swift; path = MockDataRequest.swift; sourceTree = "<group>"; };
		E2440BBC2B6A90430085792A /* MockURLSession.swift */ = {isa = PBXFileReference; fileEncoding = 4; lastKnownFileType = sourcecode.swift; path = MockURLSession.swift; sourceTree = "<group>"; };
		E2440BBD2B6A90430085792A /* MockData.swift */ = {isa = PBXFileReference; fileEncoding = 4; lastKnownFileType = sourcecode.swift; path = MockData.swift; sourceTree = "<group>"; };
		E2440BBE2B6A90430085792A /* MockAPIRequest.swift */ = {isa = PBXFileReference; fileEncoding = 4; lastKnownFileType = sourcecode.swift; path = MockAPIRequest.swift; sourceTree = "<group>"; };
		E2440BBF2B6A90430085792A /* MockDecoder.swift */ = {isa = PBXFileReference; fileEncoding = 4; lastKnownFileType = sourcecode.swift; path = MockDecoder.swift; sourceTree = "<group>"; };
		E2440BC02B6A90430085792A /* MockNetworkRequest.swift */ = {isa = PBXFileReference; fileEncoding = 4; lastKnownFileType = sourcecode.swift; path = MockNetworkRequest.swift; sourceTree = "<group>"; };
		E2440BC12B6A90430085792A /* NetworkRequestTests.swift */ = {isa = PBXFileReference; fileEncoding = 4; lastKnownFileType = sourcecode.swift; path = NetworkRequestTests.swift; sourceTree = "<group>"; };
		E2440BC22B6A90430085792A /* NetworkDataRequestTests.swift */ = {isa = PBXFileReference; fileEncoding = 4; lastKnownFileType = sourcecode.swift; path = NetworkDataRequestTests.swift; sourceTree = "<group>"; };
		E2440BC32B6A90430085792A /* CustomJSONDecoderTests.swift */ = {isa = PBXFileReference; fileEncoding = 4; lastKnownFileType = sourcecode.swift; path = CustomJSONDecoderTests.swift; sourceTree = "<group>"; };
		E2440BC42B6A90430085792A /* APIRequestTests.swift */ = {isa = PBXFileReference; fileEncoding = 4; lastKnownFileType = sourcecode.swift; path = APIRequestTests.swift; sourceTree = "<group>"; };
		E2440BC52B6A90430085792A /* ImageLoaderTests.swift */ = {isa = PBXFileReference; fileEncoding = 4; lastKnownFileType = sourcecode.swift; path = ImageLoaderTests.swift; sourceTree = "<group>"; };
		E2440BC62B6A90430085792A /* Extension.swift */ = {isa = PBXFileReference; fileEncoding = 4; lastKnownFileType = sourcecode.swift; path = Extension.swift; sourceTree = "<group>"; };
		E2440BC72B6A90430085792A /* MockData.json */ = {isa = PBXFileReference; fileEncoding = 4; lastKnownFileType = text.json; path = MockData.json; sourceTree = "<group>"; };
		E2440C0E2B6A90B10085792A /* AppCoordinator.swift */ = {isa = PBXFileReference; fileEncoding = 4; lastKnownFileType = sourcecode.swift; path = AppCoordinator.swift; sourceTree = "<group>"; };
		E2440C112B6A90B10085792A /* AppConstants.swift */ = {isa = PBXFileReference; fileEncoding = 4; lastKnownFileType = sourcecode.swift; path = AppConstants.swift; sourceTree = "<group>"; };
		E2440C122B6A90B10085792A /* AppDelegate.swift */ = {isa = PBXFileReference; fileEncoding = 4; lastKnownFileType = sourcecode.swift; path = AppDelegate.swift; sourceTree = "<group>"; };
		E2440C142B6A90B10085792A /* SceneDelegate.swift */ = {isa = PBXFileReference; fileEncoding = 4; lastKnownFileType = sourcecode.swift; path = SceneDelegate.swift; sourceTree = "<group>"; };
		E2440C1C2B6A90E20085792A /* Coordinator.swift */ = {isa = PBXFileReference; fileEncoding = 4; lastKnownFileType = sourcecode.swift; path = Coordinator.swift; sourceTree = "<group>"; };
		E2440CD52B6A954C0085792A /* Exercise.swift */ = {isa = PBXFileReference; fileEncoding = 4; lastKnownFileType = sourcecode.swift; path = Exercise.swift; sourceTree = "<group>"; };
		E2440CDA2B6A954C0085792A /* MainExercisesImageHandler.swift */ = {isa = PBXFileReference; fileEncoding = 4; lastKnownFileType = sourcecode.swift; path = MainExercisesImageHandler.swift; sourceTree = "<group>"; };
		E2440CDB2B6A954C0085792A /* MainExercisesListUseCase.swift */ = {isa = PBXFileReference; fileEncoding = 4; lastKnownFileType = sourcecode.swift; path = MainExercisesListUseCase.swift; sourceTree = "<group>"; };
		E2440CDF2B6A954C0085792A /* MainExercisesListStore.swift */ = {isa = PBXFileReference; fileEncoding = 4; lastKnownFileType = sourcecode.swift; path = MainExercisesListStore.swift; sourceTree = "<group>"; };
		E2440CF22B6A958C0085792A /* ExercisesListUseCaseTests.swift */ = {isa = PBXFileReference; fileEncoding = 4; lastKnownFileType = sourcecode.swift; path = ExercisesListUseCaseTests.swift; sourceTree = "<group>"; };
		E2440CF42B6A958C0085792A /* MockExercisesListUseCase.swift */ = {isa = PBXFileReference; fileEncoding = 4; lastKnownFileType = sourcecode.swift; path = MockExercisesListUseCase.swift; sourceTree = "<group>"; };
		E2440CF52B6A958C0085792A /* MockMainExercisesImageHandler.swift */ = {isa = PBXFileReference; fileEncoding = 4; lastKnownFileType = sourcecode.swift; path = MockMainExercisesImageHandler.swift; sourceTree = "<group>"; };
		E2440CF62B6A958C0085792A /* MainExercisesImageHandler.swift */ = {isa = PBXFileReference; fileEncoding = 4; lastKnownFileType = sourcecode.swift; path = MainExercisesImageHandler.swift; sourceTree = "<group>"; };
		E2440CF72B6A958C0085792A /* ExercisesListStoreTests.swift */ = {isa = PBXFileReference; fileEncoding = 4; lastKnownFileType = sourcecode.swift; path = ExercisesListStoreTests.swift; sourceTree = "<group>"; };
		E2440CF82B6A958C0085792A /* MainExercisesListCoordinatorTests.swift */ = {isa = PBXFileReference; fileEncoding = 4; lastKnownFileType = sourcecode.swift; path = MainExercisesListCoordinatorTests.swift; sourceTree = "<group>"; };
		E2440CFF2B6A95AD0085792A /* MockImageLoader.swift */ = {isa = PBXFileReference; fileEncoding = 4; lastKnownFileType = sourcecode.swift; path = MockImageLoader.swift; sourceTree = "<group>"; };
		E2440D012B6A965E0085792A /* AppConstantsTests.swift */ = {isa = PBXFileReference; fileEncoding = 4; lastKnownFileType = sourcecode.swift; path = AppConstantsTests.swift; sourceTree = "<group>"; };
		E2440D042B6A96900085792A /* MainExercisesListViewCoordinator.swift */ = {isa = PBXFileReference; fileEncoding = 4; lastKnownFileType = sourcecode.swift; path = MainExercisesListViewCoordinator.swift; sourceTree = "<group>"; };
		E2440D062B6A96900085792A /* ExercisesListView.swift */ = {isa = PBXFileReference; fileEncoding = 4; lastKnownFileType = sourcecode.swift; path = ExercisesListView.swift; sourceTree = "<group>"; };
		E2440D072B6A96900085792A /* ExerciseItemView.swift */ = {isa = PBXFileReference; fileEncoding = 4; lastKnownFileType = sourcecode.swift; path = ExerciseItemView.swift; sourceTree = "<group>"; };
		E2440D092B6A96900085792A /* ExercisesListFactory.swift */ = {isa = PBXFileReference; fileEncoding = 4; lastKnownFileType = sourcecode.swift; path = ExercisesListFactory.swift; sourceTree = "<group>"; };
/* End PBXFileReference section */

/* Begin PBXFrameworksBuildPhase section */
		E2440B6B2B6A8FE60085792A /* Frameworks */ = {
			isa = PBXFrameworksBuildPhase;
			buildActionMask = 2147483647;
			files = (
			);
			runOnlyForDeploymentPostprocessing = 0;
		};
		E2440B812B6A8FE80085792A /* Frameworks */ = {
			isa = PBXFrameworksBuildPhase;
			buildActionMask = 2147483647;
			files = (
			);
			runOnlyForDeploymentPostprocessing = 0;
		};
/* End PBXFrameworksBuildPhase section */

/* Begin PBXGroup section */
		E2440B652B6A8FE60085792A = {
			isa = PBXGroup;
			children = (
				E2440B702B6A8FE60085792A /* Gymondo */,
				E2440B872B6A8FE80085792A /* GymondoTests */,
				E2440B6F2B6A8FE60085792A /* Products */,
			);
			sourceTree = "<group>";
		};
		E2440B6F2B6A8FE60085792A /* Products */ = {
			isa = PBXGroup;
			children = (
				E2440B6E2B6A8FE60085792A /* Gymondo.app */,
				E2440B842B6A8FE80085792A /* GymondoTests.xctest */,
			);
			name = Products;
			sourceTree = "<group>";
		};
		E2440B702B6A8FE60085792A /* Gymondo */ = {
			isa = PBXGroup;
			children = (
				E2440CD02B6A954C0085792A /* Modules */,
				E2440C0C2B6A90B10085792A /* Main Files */,
				E2440BA12B6A902F0085792A /* Libraries */,
			);
			path = Gymondo;
			sourceTree = "<group>";
		};
		E2440B872B6A8FE80085792A /* GymondoTests */ = {
			isa = PBXGroup;
			children = (
				E2440CF12B6A958C0085792A /* ExercisesList */,
				E2440BB82B6A90430085792A /* Libraries */,
			);
			path = GymondoTests;
			sourceTree = "<group>";
		};
		E2440BA12B6A902F0085792A /* Libraries */ = {
			isa = PBXGroup;
			children = (
				E2440C1B2B6A90E20085792A /* Coordinator */,
				E2440BA42B6A902F0085792A /* Network */,
			);
			path = Libraries;
			sourceTree = "<group>";
		};
		E2440BA42B6A902F0085792A /* Network */ = {
			isa = PBXGroup;
			children = (
				E2440BA52B6A902F0085792A /* DataRequest */,
				E2440BA72B6A902F0085792A /* NetworkRequest */,
				E2440BAA2B6A902F0085792A /* ImageLoader.swift */,
				E2440BAB2B6A902F0085792A /* JSONDecoder */,
				E2440BAD2B6A902F0085792A /* APIRequest */,
				E2440BAF2B6A902F0085792A /* NetworkError.swift */,
			);
			path = Network;
			sourceTree = "<group>";
		};
		E2440BA52B6A902F0085792A /* DataRequest */ = {
			isa = PBXGroup;
			children = (
				E2440BA62B6A902F0085792A /* HTTPDataRequestClient.swift */,
			);
			path = DataRequest;
			sourceTree = "<group>";
		};
		E2440BA72B6A902F0085792A /* NetworkRequest */ = {
			isa = PBXGroup;
			children = (
				E2440BA82B6A902F0085792A /* NetworkRequesterClient.swift */,
				E2440BA92B6A902F0085792A /* NetworkRequest.swift */,
			);
			path = NetworkRequest;
			sourceTree = "<group>";
		};
		E2440BAB2B6A902F0085792A /* JSONDecoder */ = {
			isa = PBXGroup;
			children = (
				E2440BAC2B6A902F0085792A /* CustomJSONDecoder.swift */,
			);
			path = JSONDecoder;
			sourceTree = "<group>";
		};
		E2440BAD2B6A902F0085792A /* APIRequest */ = {
			isa = PBXGroup;
			children = (
				E2440BAE2B6A902F0085792A /* APIRequestClient.swift */,
			);
			path = APIRequest;
			sourceTree = "<group>";
		};
		E2440BB82B6A90430085792A /* Libraries */ = {
			isa = PBXGroup;
			children = (
				E2440D012B6A965E0085792A /* AppConstantsTests.swift */,
				E2440BC62B6A90430085792A /* Extension.swift */,
				E2440BC72B6A90430085792A /* MockData.json */,
				E2440BB92B6A90430085792A /* Network */,
			);
			path = Libraries;
			sourceTree = "<group>";
		};
		E2440BB92B6A90430085792A /* Network */ = {
			isa = PBXGroup;
			children = (
				E2440BBA2B6A90430085792A /* Mocks */,
				E2440BC12B6A90430085792A /* NetworkRequestTests.swift */,
				E2440BC22B6A90430085792A /* NetworkDataRequestTests.swift */,
				E2440BC32B6A90430085792A /* CustomJSONDecoderTests.swift */,
				E2440BC42B6A90430085792A /* APIRequestTests.swift */,
				E2440BC52B6A90430085792A /* ImageLoaderTests.swift */,
			);
			path = Network;
			sourceTree = "<group>";
		};
		E2440BBA2B6A90430085792A /* Mocks */ = {
			isa = PBXGroup;
			children = (
				E2440CFF2B6A95AD0085792A /* MockImageLoader.swift */,
				E2440BBB2B6A90430085792A /* MockDataRequest.swift */,
				E2440BBC2B6A90430085792A /* MockURLSession.swift */,
				E2440BBD2B6A90430085792A /* MockData.swift */,
				E2440BBE2B6A90430085792A /* MockAPIRequest.swift */,
				E2440BBF2B6A90430085792A /* MockDecoder.swift */,
				E2440BC02B6A90430085792A /* MockNetworkRequest.swift */,
			);
			path = Mocks;
			sourceTree = "<group>";
		};
		E2440C0C2B6A90B10085792A /* Main Files */ = {
			isa = PBXGroup;
			children = (
				E2440B7A2B6A8FE70085792A /* Assets.xcassets */,
				E2440B7C2B6A8FE70085792A /* LaunchScreen.storyboard */,
				E2440B7F2B6A8FE80085792A /* Info.plist */,
				E2440C112B6A90B10085792A /* AppConstants.swift */,
				E2440C122B6A90B10085792A /* AppDelegate.swift */,
				E2440C142B6A90B10085792A /* SceneDelegate.swift */,
				E2440C0D2B6A90B10085792A /* Coordinator */,
			);
			path = "Main Files";
			sourceTree = "<group>";
		};
		E2440C0D2B6A90B10085792A /* Coordinator */ = {
			isa = PBXGroup;
			children = (
				E2440C0E2B6A90B10085792A /* AppCoordinator.swift */,
			);
			path = Coordinator;
			sourceTree = "<group>";
		};
		E2440C1B2B6A90E20085792A /* Coordinator */ = {
			isa = PBXGroup;
			children = (
				E2440C1C2B6A90E20085792A /* Coordinator.swift */,
			);
			path = Coordinator;
			sourceTree = "<group>";
		};
		E2440CD02B6A954C0085792A /* Modules */ = {
			isa = PBXGroup;
			children = (
				E2440CD12B6A954C0085792A /* ExercisesList */,
			);
			path = Modules;
			sourceTree = "<group>";
		};
		E2440CD12B6A954C0085792A /* ExercisesList */ = {
			isa = PBXGroup;
			children = (
				E2440D032B6A96900085792A /* Coordinator */,
				E2440D082B6A96900085792A /* Factory */,
				E2440D052B6A96900085792A /* View */,
				E2440CD42B6A954C0085792A /* Model */,
				E2440CD92B6A954C0085792A /* UseCase */,
				E2440CDE2B6A954C0085792A /* Store */,
			);
			path = ExercisesList;
			sourceTree = "<group>";
		};
		E2440CD42B6A954C0085792A /* Model */ = {
			isa = PBXGroup;
			children = (
				E2440CD52B6A954C0085792A /* Exercise.swift */,
			);
			path = Model;
			sourceTree = "<group>";
		};
		E2440CD92B6A954C0085792A /* UseCase */ = {
			isa = PBXGroup;
			children = (
				E2440CDA2B6A954C0085792A /* MainExercisesImageHandler.swift */,
				E2440CDB2B6A954C0085792A /* MainExercisesListUseCase.swift */,
			);
			path = UseCase;
			sourceTree = "<group>";
		};
		E2440CDE2B6A954C0085792A /* Store */ = {
			isa = PBXGroup;
			children = (
				E2440CDF2B6A954C0085792A /* MainExercisesListStore.swift */,
			);
			path = Store;
			sourceTree = "<group>";
		};
		E2440CF12B6A958C0085792A /* ExercisesList */ = {
			isa = PBXGroup;
			children = (
				E2440CF22B6A958C0085792A /* ExercisesListUseCaseTests.swift */,
				E2440CF32B6A958C0085792A /* Mocks */,
				E2440CF62B6A958C0085792A /* MainExercisesImageHandler.swift */,
				E2440CF72B6A958C0085792A /* ExercisesListStoreTests.swift */,
				E2440CF82B6A958C0085792A /* MainExercisesListCoordinatorTests.swift */,
			);
			path = ExercisesList;
			sourceTree = "<group>";
		};
		E2440CF32B6A958C0085792A /* Mocks */ = {
			isa = PBXGroup;
			children = (
				E2440CF42B6A958C0085792A /* MockExercisesListUseCase.swift */,
				E2440CF52B6A958C0085792A /* MockMainExercisesImageHandler.swift */,
			);
			path = Mocks;
			sourceTree = "<group>";
		};
		E2440D032B6A96900085792A /* Coordinator */ = {
			isa = PBXGroup;
			children = (
				E2440D042B6A96900085792A /* MainExercisesListViewCoordinator.swift */,
			);
			path = Coordinator;
			sourceTree = "<group>";
		};
		E2440D052B6A96900085792A /* View */ = {
			isa = PBXGroup;
			children = (
				E2440D062B6A96900085792A /* ExercisesListView.swift */,
				E2440D072B6A96900085792A /* ExerciseItemView.swift */,
			);
			path = View;
			sourceTree = "<group>";
		};
		E2440D082B6A96900085792A /* Factory */ = {
			isa = PBXGroup;
			children = (
				E2440D092B6A96900085792A /* ExercisesListFactory.swift */,
			);
			path = Factory;
			sourceTree = "<group>";
		};
/* End PBXGroup section */

/* Begin PBXNativeTarget section */
		E2440B6D2B6A8FE60085792A /* Gymondo */ = {
			isa = PBXNativeTarget;
			buildConfigurationList = E2440B982B6A8FE80085792A /* Build configuration list for PBXNativeTarget "Gymondo" */;
			buildPhases = (
				E2440B6A2B6A8FE60085792A /* Sources */,
				E2440B6B2B6A8FE60085792A /* Frameworks */,
				E2440B6C2B6A8FE60085792A /* Resources */,
			);
			buildRules = (
			);
			dependencies = (
			);
			name = Gymondo;
			productName = Gymondo;
			productReference = E2440B6E2B6A8FE60085792A /* Gymondo.app */;
			productType = "com.apple.product-type.application";
		};
		E2440B832B6A8FE80085792A /* GymondoTests */ = {
			isa = PBXNativeTarget;
			buildConfigurationList = E2440B9B2B6A8FE80085792A /* Build configuration list for PBXNativeTarget "GymondoTests" */;
			buildPhases = (
				E2440B802B6A8FE80085792A /* Sources */,
				E2440B812B6A8FE80085792A /* Frameworks */,
				E2440B822B6A8FE80085792A /* Resources */,
			);
			buildRules = (
			);
			dependencies = (
				E2440B862B6A8FE80085792A /* PBXTargetDependency */,
			);
			name = GymondoTests;
			productName = GymondoTests;
			productReference = E2440B842B6A8FE80085792A /* GymondoTests.xctest */;
			productType = "com.apple.product-type.bundle.unit-test";
		};
/* End PBXNativeTarget section */

/* Begin PBXProject section */
		E2440B662B6A8FE60085792A /* Project object */ = {
			isa = PBXProject;
			attributes = {
				BuildIndependentTargetsInParallel = 1;
				LastSwiftUpdateCheck = 1500;
				LastUpgradeCheck = 1500;
				TargetAttributes = {
					E2440B6D2B6A8FE60085792A = {
						CreatedOnToolsVersion = 15.0;
					};
					E2440B832B6A8FE80085792A = {
						CreatedOnToolsVersion = 15.0;
						TestTargetID = E2440B6D2B6A8FE60085792A;
					};
				};
			};
			buildConfigurationList = E2440B692B6A8FE60085792A /* Build configuration list for PBXProject "Gymondo" */;
			compatibilityVersion = "Xcode 14.0";
			developmentRegion = en;
			hasScannedForEncodings = 0;
			knownRegions = (
				en,
				Base,
			);
			mainGroup = E2440B652B6A8FE60085792A;
			productRefGroup = E2440B6F2B6A8FE60085792A /* Products */;
			projectDirPath = "";
			projectRoot = "";
			targets = (
				E2440B6D2B6A8FE60085792A /* Gymondo */,
				E2440B832B6A8FE80085792A /* GymondoTests */,
			);
		};
/* End PBXProject section */

/* Begin PBXResourcesBuildPhase section */
		E2440B6C2B6A8FE60085792A /* Resources */ = {
			isa = PBXResourcesBuildPhase;
			buildActionMask = 2147483647;
			files = (
				E2440B7E2B6A8FE80085792A /* LaunchScreen.storyboard in Resources */,
				E2440B7B2B6A8FE70085792A /* Assets.xcassets in Resources */,
			);
			runOnlyForDeploymentPostprocessing = 0;
		};
		E2440B822B6A8FE80085792A /* Resources */ = {
			isa = PBXResourcesBuildPhase;
			buildActionMask = 2147483647;
			files = (
				E2440BD52B6A90430085792A /* MockData.json in Resources */,
			);
			runOnlyForDeploymentPostprocessing = 0;
		};
/* End PBXResourcesBuildPhase section */

/* Begin PBXSourcesBuildPhase section */
		E2440B6A2B6A8FE60085792A /* Sources */ = {
			isa = PBXSourcesBuildPhase;
			buildActionMask = 2147483647;
			files = (
				E2440CF02B6A954C0085792A /* MainExercisesListStore.swift in Sources */,
				E2440C152B6A90B10085792A /* AppCoordinator.swift in Sources */,
				E2440C1A2B6A90B10085792A /* SceneDelegate.swift in Sources */,
				E2440BB32B6A902F0085792A /* NetworkRequest.swift in Sources */,
				E2440D0D2B6A96900085792A /* ExercisesListFactory.swift in Sources */,
				E2440BB12B6A902F0085792A /* HTTPDataRequestClient.swift in Sources */,
				E2440D0A2B6A96900085792A /* MainExercisesListViewCoordinator.swift in Sources */,
				E2440CEA2B6A954C0085792A /* Exercise.swift in Sources */,
				E2440CED2B6A954C0085792A /* MainExercisesImageHandler.swift in Sources */,
				E2440D0B2B6A96900085792A /* ExercisesListView.swift in Sources */,
				E2440BB62B6A902F0085792A /* APIRequestClient.swift in Sources */,
				E2440BB22B6A902F0085792A /* NetworkRequesterClient.swift in Sources */,
				E2440BB52B6A902F0085792A /* CustomJSONDecoder.swift in Sources */,
				E2440C172B6A90B10085792A /* AppConstants.swift in Sources */,
				E2440C1D2B6A90E20085792A /* Coordinator.swift in Sources */,
				E2440C182B6A90B10085792A /* AppDelegate.swift in Sources */,
				E2440BB42B6A902F0085792A /* ImageLoader.swift in Sources */,
				E2440D0C2B6A96900085792A /* ExerciseItemView.swift in Sources */,
				E2440CEE2B6A954C0085792A /* MainExercisesListUseCase.swift in Sources */,
				E2440BB72B6A902F0085792A /* NetworkError.swift in Sources */,
			);
			runOnlyForDeploymentPostprocessing = 0;
		};
		E2440B802B6A8FE80085792A /* Sources */ = {
			isa = PBXSourcesBuildPhase;
			buildActionMask = 2147483647;
			files = (
				E2440BCD2B6A90430085792A /* MockDecoder.swift in Sources */,
				E2440CFA2B6A958C0085792A /* MockExercisesListUseCase.swift in Sources */,
				E2440CFB2B6A958C0085792A /* MockMainExercisesImageHandler.swift in Sources */,
				E2440BCA2B6A90430085792A /* MockURLSession.swift in Sources */,
				E2440BD32B6A90430085792A /* ImageLoaderTests.swift in Sources */,
				E2440BD22B6A90430085792A /* APIRequestTests.swift in Sources */,
				E2440BCF2B6A90430085792A /* NetworkRequestTests.swift in Sources */,
				E2440BD12B6A90430085792A /* CustomJSONDecoderTests.swift in Sources */,
				E2440BCB2B6A90430085792A /* MockData.swift in Sources */,
				E2440BC92B6A90430085792A /* MockDataRequest.swift in Sources */,
				E2440BD42B6A90430085792A /* Extension.swift in Sources */,
				E2440D022B6A965E0085792A /* AppConstantsTests.swift in Sources */,
				E2440CFC2B6A958C0085792A /* MainExercisesImageHandler.swift in Sources */,
				E2440BD02B6A90430085792A /* NetworkDataRequestTests.swift in Sources */,
				E2440BCE2B6A90430085792A /* MockNetworkRequest.swift in Sources */,
				E2440CFD2B6A958C0085792A /* ExercisesListStoreTests.swift in Sources */,
				E2440D002B6A95AD0085792A /* MockImageLoader.swift in Sources */,
				E2440CFE2B6A958C0085792A /* MainExercisesListCoordinatorTests.swift in Sources */,
				E2440BCC2B6A90430085792A /* MockAPIRequest.swift in Sources */,
				E2440CF92B6A958C0085792A /* ExercisesListUseCaseTests.swift in Sources */,
			);
			runOnlyForDeploymentPostprocessing = 0;
		};
/* End PBXSourcesBuildPhase section */

/* Begin PBXTargetDependency section */
		E2440B862B6A8FE80085792A /* PBXTargetDependency */ = {
			isa = PBXTargetDependency;
			target = E2440B6D2B6A8FE60085792A /* Gymondo */;
			targetProxy = E2440B852B6A8FE80085792A /* PBXContainerItemProxy */;
		};
/* End PBXTargetDependency section */

/* Begin PBXVariantGroup section */
		E2440B7C2B6A8FE70085792A /* LaunchScreen.storyboard */ = {
			isa = PBXVariantGroup;
			children = (
				E2440B7D2B6A8FE70085792A /* Base */,
			);
			name = LaunchScreen.storyboard;
			sourceTree = "<group>";
		};
/* End PBXVariantGroup section */

/* Begin XCBuildConfiguration section */
		E2440B962B6A8FE80085792A /* Debug */ = {
			isa = XCBuildConfiguration;
			buildSettings = {
				ALWAYS_SEARCH_USER_PATHS = NO;
				ASSETCATALOG_COMPILER_GENERATE_SWIFT_ASSET_SYMBOL_EXTENSIONS = YES;
				CLANG_ANALYZER_NONNULL = YES;
				CLANG_ANALYZER_NUMBER_OBJECT_CONVERSION = YES_AGGRESSIVE;
				CLANG_CXX_LANGUAGE_STANDARD = "gnu++20";
				CLANG_ENABLE_MODULES = YES;
				CLANG_ENABLE_OBJC_ARC = YES;
				CLANG_ENABLE_OBJC_WEAK = YES;
				CLANG_WARN_BLOCK_CAPTURE_AUTORELEASING = YES;
				CLANG_WARN_BOOL_CONVERSION = YES;
				CLANG_WARN_COMMA = YES;
				CLANG_WARN_CONSTANT_CONVERSION = YES;
				CLANG_WARN_DEPRECATED_OBJC_IMPLEMENTATIONS = YES;
				CLANG_WARN_DIRECT_OBJC_ISA_USAGE = YES_ERROR;
				CLANG_WARN_DOCUMENTATION_COMMENTS = YES;
				CLANG_WARN_EMPTY_BODY = YES;
				CLANG_WARN_ENUM_CONVERSION = YES;
				CLANG_WARN_INFINITE_RECURSION = YES;
				CLANG_WARN_INT_CONVERSION = YES;
				CLANG_WARN_NON_LITERAL_NULL_CONVERSION = YES;
				CLANG_WARN_OBJC_IMPLICIT_RETAIN_SELF = YES;
				CLANG_WARN_OBJC_LITERAL_CONVERSION = YES;
				CLANG_WARN_OBJC_ROOT_CLASS = YES_ERROR;
				CLANG_WARN_QUOTED_INCLUDE_IN_FRAMEWORK_HEADER = YES;
				CLANG_WARN_RANGE_LOOP_ANALYSIS = YES;
				CLANG_WARN_STRICT_PROTOTYPES = YES;
				CLANG_WARN_SUSPICIOUS_MOVE = YES;
				CLANG_WARN_UNGUARDED_AVAILABILITY = YES_AGGRESSIVE;
				CLANG_WARN_UNREACHABLE_CODE = YES;
				CLANG_WARN__DUPLICATE_METHOD_MATCH = YES;
				COPY_PHASE_STRIP = NO;
				DEBUG_INFORMATION_FORMAT = dwarf;
				ENABLE_STRICT_OBJC_MSGSEND = YES;
				ENABLE_TESTABILITY = YES;
				ENABLE_USER_SCRIPT_SANDBOXING = YES;
				GCC_C_LANGUAGE_STANDARD = gnu17;
				GCC_DYNAMIC_NO_PIC = NO;
				GCC_NO_COMMON_BLOCKS = YES;
				GCC_OPTIMIZATION_LEVEL = 0;
				GCC_PREPROCESSOR_DEFINITIONS = (
					"DEBUG=1",
					"$(inherited)",
				);
				GCC_WARN_64_TO_32_BIT_CONVERSION = YES;
				GCC_WARN_ABOUT_RETURN_TYPE = YES_ERROR;
				GCC_WARN_UNDECLARED_SELECTOR = YES;
				GCC_WARN_UNINITIALIZED_AUTOS = YES_AGGRESSIVE;
				GCC_WARN_UNUSED_FUNCTION = YES;
				GCC_WARN_UNUSED_VARIABLE = YES;
				IPHONEOS_DEPLOYMENT_TARGET = 17.0;
				LOCALIZATION_PREFERS_STRING_CATALOGS = YES;
				MTL_ENABLE_DEBUG_INFO = INCLUDE_SOURCE;
				MTL_FAST_MATH = YES;
				ONLY_ACTIVE_ARCH = YES;
				SDKROOT = iphoneos;
				SWIFT_ACTIVE_COMPILATION_CONDITIONS = "DEBUG $(inherited)";
				SWIFT_OPTIMIZATION_LEVEL = "-Onone";
			};
			name = Debug;
		};
		E2440B972B6A8FE80085792A /* Release */ = {
			isa = XCBuildConfiguration;
			buildSettings = {
				ALWAYS_SEARCH_USER_PATHS = NO;
				ASSETCATALOG_COMPILER_GENERATE_SWIFT_ASSET_SYMBOL_EXTENSIONS = YES;
				CLANG_ANALYZER_NONNULL = YES;
				CLANG_ANALYZER_NUMBER_OBJECT_CONVERSION = YES_AGGRESSIVE;
				CLANG_CXX_LANGUAGE_STANDARD = "gnu++20";
				CLANG_ENABLE_MODULES = YES;
				CLANG_ENABLE_OBJC_ARC = YES;
				CLANG_ENABLE_OBJC_WEAK = YES;
				CLANG_WARN_BLOCK_CAPTURE_AUTORELEASING = YES;
				CLANG_WARN_BOOL_CONVERSION = YES;
				CLANG_WARN_COMMA = YES;
				CLANG_WARN_CONSTANT_CONVERSION = YES;
				CLANG_WARN_DEPRECATED_OBJC_IMPLEMENTATIONS = YES;
				CLANG_WARN_DIRECT_OBJC_ISA_USAGE = YES_ERROR;
				CLANG_WARN_DOCUMENTATION_COMMENTS = YES;
				CLANG_WARN_EMPTY_BODY = YES;
				CLANG_WARN_ENUM_CONVERSION = YES;
				CLANG_WARN_INFINITE_RECURSION = YES;
				CLANG_WARN_INT_CONVERSION = YES;
				CLANG_WARN_NON_LITERAL_NULL_CONVERSION = YES;
				CLANG_WARN_OBJC_IMPLICIT_RETAIN_SELF = YES;
				CLANG_WARN_OBJC_LITERAL_CONVERSION = YES;
				CLANG_WARN_OBJC_ROOT_CLASS = YES_ERROR;
				CLANG_WARN_QUOTED_INCLUDE_IN_FRAMEWORK_HEADER = YES;
				CLANG_WARN_RANGE_LOOP_ANALYSIS = YES;
				CLANG_WARN_STRICT_PROTOTYPES = YES;
				CLANG_WARN_SUSPICIOUS_MOVE = YES;
				CLANG_WARN_UNGUARDED_AVAILABILITY = YES_AGGRESSIVE;
				CLANG_WARN_UNREACHABLE_CODE = YES;
				CLANG_WARN__DUPLICATE_METHOD_MATCH = YES;
				COPY_PHASE_STRIP = NO;
				DEBUG_INFORMATION_FORMAT = "dwarf-with-dsym";
				ENABLE_NS_ASSERTIONS = NO;
				ENABLE_STRICT_OBJC_MSGSEND = YES;
				ENABLE_USER_SCRIPT_SANDBOXING = YES;
				GCC_C_LANGUAGE_STANDARD = gnu17;
				GCC_NO_COMMON_BLOCKS = YES;
				GCC_WARN_64_TO_32_BIT_CONVERSION = YES;
				GCC_WARN_ABOUT_RETURN_TYPE = YES_ERROR;
				GCC_WARN_UNDECLARED_SELECTOR = YES;
				GCC_WARN_UNINITIALIZED_AUTOS = YES_AGGRESSIVE;
				GCC_WARN_UNUSED_FUNCTION = YES;
				GCC_WARN_UNUSED_VARIABLE = YES;
				IPHONEOS_DEPLOYMENT_TARGET = 17.0;
				LOCALIZATION_PREFERS_STRING_CATALOGS = YES;
				MTL_ENABLE_DEBUG_INFO = NO;
				MTL_FAST_MATH = YES;
				SDKROOT = iphoneos;
				SWIFT_COMPILATION_MODE = wholemodule;
				VALIDATE_PRODUCT = YES;
			};
			name = Release;
		};
		E2440B992B6A8FE80085792A /* Debug */ = {
			isa = XCBuildConfiguration;
			buildSettings = {
				ASSETCATALOG_COMPILER_APPICON_NAME = AppIcon;
				ASSETCATALOG_COMPILER_GLOBAL_ACCENT_COLOR_NAME = AccentColor;
				CODE_SIGN_STYLE = Automatic;
				CURRENT_PROJECT_VERSION = 1;
				DEVELOPMENT_TEAM = 54HDDP27D9;
				GENERATE_INFOPLIST_FILE = YES;
				INFOPLIST_FILE = "Gymondo/Main Files/Info.plist";
				INFOPLIST_KEY_UIApplicationSupportsIndirectInputEvents = YES;
				INFOPLIST_KEY_UILaunchStoryboardName = LaunchScreen;
				INFOPLIST_KEY_UISupportedInterfaceOrientations_iPad = "UIInterfaceOrientationPortrait UIInterfaceOrientationPortraitUpsideDown UIInterfaceOrientationLandscapeLeft UIInterfaceOrientationLandscapeRight";
				INFOPLIST_KEY_UISupportedInterfaceOrientations_iPhone = "UIInterfaceOrientationPortrait UIInterfaceOrientationLandscapeLeft UIInterfaceOrientationLandscapeRight";
				LD_RUNPATH_SEARCH_PATHS = (
					"$(inherited)",
					"@executable_path/Frameworks",
				);
				MARKETING_VERSION = 1.0;
				PRODUCT_BUNDLE_IDENTIFIER = com.erfan.andesta.Gymondo;
				PRODUCT_NAME = "$(TARGET_NAME)";
				SWIFT_EMIT_LOC_STRINGS = YES;
				SWIFT_VERSION = 5.0;
				TARGETED_DEVICE_FAMILY = "1,2";
			};
			name = Debug;
		};
		E2440B9A2B6A8FE80085792A /* Release */ = {
			isa = XCBuildConfiguration;
			buildSettings = {
				ASSETCATALOG_COMPILER_APPICON_NAME = AppIcon;
				ASSETCATALOG_COMPILER_GLOBAL_ACCENT_COLOR_NAME = AccentColor;
				CODE_SIGN_STYLE = Automatic;
				CURRENT_PROJECT_VERSION = 1;
				DEVELOPMENT_TEAM = 54HDDP27D9;
				GENERATE_INFOPLIST_FILE = YES;
				INFOPLIST_FILE = "Gymondo/Main Files/Info.plist";
				INFOPLIST_KEY_UIApplicationSupportsIndirectInputEvents = YES;
				INFOPLIST_KEY_UILaunchStoryboardName = LaunchScreen;
				INFOPLIST_KEY_UISupportedInterfaceOrientations_iPad = "UIInterfaceOrientationPortrait UIInterfaceOrientationPortraitUpsideDown UIInterfaceOrientationLandscapeLeft UIInterfaceOrientationLandscapeRight";
				INFOPLIST_KEY_UISupportedInterfaceOrientations_iPhone = "UIInterfaceOrientationPortrait UIInterfaceOrientationLandscapeLeft UIInterfaceOrientationLandscapeRight";
				LD_RUNPATH_SEARCH_PATHS = (
					"$(inherited)",
					"@executable_path/Frameworks",
				);
				MARKETING_VERSION = 1.0;
				PRODUCT_BUNDLE_IDENTIFIER = com.erfan.andesta.Gymondo;
				PRODUCT_NAME = "$(TARGET_NAME)";
				SWIFT_EMIT_LOC_STRINGS = YES;
				SWIFT_VERSION = 5.0;
				TARGETED_DEVICE_FAMILY = "1,2";
			};
			name = Release;
		};
		E2440B9C2B6A8FE80085792A /* Debug */ = {
			isa = XCBuildConfiguration;
			buildSettings = {
				ALWAYS_EMBED_SWIFT_STANDARD_LIBRARIES = YES;
				BUNDLE_LOADER = "$(TEST_HOST)";
				CODE_SIGN_STYLE = Automatic;
				CURRENT_PROJECT_VERSION = 1;
				DEVELOPMENT_TEAM = 54HDDP27D9;
				GENERATE_INFOPLIST_FILE = YES;
				IPHONEOS_DEPLOYMENT_TARGET = 17.0;
				MARKETING_VERSION = 1.0;
				PRODUCT_BUNDLE_IDENTIFIER = com.erfan.andesta.GymondoTests;
				PRODUCT_NAME = "$(TARGET_NAME)";
				SWIFT_EMIT_LOC_STRINGS = NO;
				SWIFT_VERSION = 5.0;
				TARGETED_DEVICE_FAMILY = "1,2";
				TEST_HOST = "$(BUILT_PRODUCTS_DIR)/Gymondo.app/$(BUNDLE_EXECUTABLE_FOLDER_PATH)/Gymondo";
			};
			name = Debug;
		};
		E2440B9D2B6A8FE80085792A /* Release */ = {
			isa = XCBuildConfiguration;
			buildSettings = {
				ALWAYS_EMBED_SWIFT_STANDARD_LIBRARIES = YES;
				BUNDLE_LOADER = "$(TEST_HOST)";
				CODE_SIGN_STYLE = Automatic;
				CURRENT_PROJECT_VERSION = 1;
				DEVELOPMENT_TEAM = 54HDDP27D9;
				GENERATE_INFOPLIST_FILE = YES;
				IPHONEOS_DEPLOYMENT_TARGET = 17.0;
				MARKETING_VERSION = 1.0;
				PRODUCT_BUNDLE_IDENTIFIER = com.erfan.andesta.GymondoTests;
				PRODUCT_NAME = "$(TARGET_NAME)";
				SWIFT_EMIT_LOC_STRINGS = NO;
				SWIFT_VERSION = 5.0;
				TARGETED_DEVICE_FAMILY = "1,2";
				TEST_HOST = "$(BUILT_PRODUCTS_DIR)/Gymondo.app/$(BUNDLE_EXECUTABLE_FOLDER_PATH)/Gymondo";
			};
			name = Release;
		};
/* End XCBuildConfiguration section */

/* Begin XCConfigurationList section */
		E2440B692B6A8FE60085792A /* Build configuration list for PBXProject "Gymondo" */ = {
			isa = XCConfigurationList;
			buildConfigurations = (
				E2440B962B6A8FE80085792A /* Debug */,
				E2440B972B6A8FE80085792A /* Release */,
			);
			defaultConfigurationIsVisible = 0;
			defaultConfigurationName = Release;
		};
		E2440B982B6A8FE80085792A /* Build configuration list for PBXNativeTarget "Gymondo" */ = {
			isa = XCConfigurationList;
			buildConfigurations = (
				E2440B992B6A8FE80085792A /* Debug */,
				E2440B9A2B6A8FE80085792A /* Release */,
			);
			defaultConfigurationIsVisible = 0;
			defaultConfigurationName = Release;
		};
		E2440B9B2B6A8FE80085792A /* Build configuration list for PBXNativeTarget "GymondoTests" */ = {
			isa = XCConfigurationList;
			buildConfigurations = (
				E2440B9C2B6A8FE80085792A /* Debug */,
				E2440B9D2B6A8FE80085792A /* Release */,
			);
			defaultConfigurationIsVisible = 0;
			defaultConfigurationName = Release;
		};
/* End XCConfigurationList section */
	};
	rootObject = E2440B662B6A8FE60085792A /* Project object */;
}
